{
  "pins" : [
    {
      "identity" : "charts",
      "kind" : "remoteSourceControl",
      "location" : "https://github.com/danielgindi/Charts.git",
      "state" : {
        "revision" : "dd9c72e3d7e751e769971092a6bd72d39198ae63",
        "version" : "5.1.0"
      }
    },
    {
      "identity" : "coregeometry",
      "kind" : "remoteSourceControl",
      "location" : "https://gitlab.com/Pyroh/CoreGeometry.git",
      "state" : {
        "revision" : "c8604b90dc60084e9d08f289573e537585b84129",
        "version" : "4.0.0"
      }
    },
    {
      "identity" : "fmdb",
      "kind" : "remoteSourceControl",
      "location" : "https://github.com/ccgus/fmdb.git",
      "state" : {
        "revision" : "1227a3fa2b9916bfd75fe380eb45cd210e69e251",
        "version" : "2.7.12"
      }
    },
    {
      "identity" : "kingfisher",
      "kind" : "remoteSourceControl",
      "location" : "https://github.com/onevcat/Kingfisher",
      "state" : {
        "revision" : "7deda23bbdca612076c5c315003d8638a08ed0f1",
        "version" : "8.3.2"
      }
    },
    {
      "identity" : "lottie-ios",
      "kind" : "remoteSourceControl",
      "location" : "https://github.com/airbnb/lottie-ios",
      "state" : {
        "revision" : "a004050748dc197c56256a14dca49a035d74726c",
        "version" : "4.5.2"
      }
    },
    {
      "identity" : "slidingruler",
      "kind" : "remoteSourceControl",
      "location" : "https://github.com/Pyroh/SlidingRuler",
      "state" : {
        "revision" : "707b15e0ade64b488e7146a487cc5ee9570af9fa",
        "version" : "0.2.0"
      }
    },
    {
      "identity" : "smoothoperators",
      "kind" : "remoteSourceControl",
      "location" : "https://github.com/Pyroh/SmoothOperators.git",
      "state" : {
        "revision" : "dd013309755d75d8636fd7fb89bb25da34b92c7e",
        "version" : "0.20.0"
      }
    }
  ],
  "version" : 2
}
